// !$*UTF8*$!
{
	archiveVersion = 1;
	classes = {
	};
	objectVersion = 77;
	objects = {

/* Begin PBXContainerItemProxy section */
		F4F2BEDA2CDB4A10006C9893 /* PBXContainerItemProxy */ = {
			isa = PBXContainerItemProxy;
			containerPortal = F4F2BEC12CDB4A0D006C9893 /* Project object */;
			proxyType = 1;
			remoteGlobalIDString = F4F2BEC82CDB4A0E006C9893;
			remoteInfo = LandmarksIki;
		};
		F4F2BEE42CDB4A10006C9893 /* PBXContainerItemProxy */ = {
			isa = PBXContainerItemProxy;
			containerPortal = F4F2BEC12CDB4A0D006C9893 /* Project object */;
			proxyType = 1;
			remoteGlobalIDString = F4F2BEC82CDB4A0E006C9893;
			remoteInfo = LandmarksIki;
		};
/* End PBXContainerItemProxy section */

/* Begin PBXFileReference section */
		F4F2BEC92CDB4A0E006C9893 /* LandmarksIki.app */ = {isa = PBXFileReference; explicitFileType = wrapper.application; includeInIndex = 0; path = LandmarksIki.app; sourceTree = BUILT_PRODUCTS_DIR; };
		F4F2BED92CDB4A10006C9893 /* LandmarksIkiTests.xctest */ = {isa = PBXFileReference; explicitFileType = wrapper.cfbundle; includeInIndex = 0; path = LandmarksIkiTests.xctest; sourceTree = BUILT_PRODUCTS_DIR; };
		F4F2BEE32CDB4A10006C9893 /* LandmarksIkiUITests.xctest */ = {isa = PBXFileReference; explicitFileType = wrapper.cfbundle; includeInIndex = 0; path = LandmarksIkiUITests.xctest; sourceTree = BUILT_PRODUCTS_DIR; };
/* End PBXFileReference section */

/* Begin PBXFileSystemSynchronizedRootGroup section */
		F4F2BECB2CDB4A0E006C9893 /* LandmarksIki */ = {
			isa = PBXFileSystemSynchronizedRootGroup;
			path = LandmarksIki;
			sourceTree = "<group>";
		};
		F4F2BEDC2CDB4A10006C9893 /* LandmarksIkiTests */ = {
			isa = PBXFileSystemSynchronizedRootGroup;
			path = LandmarksIkiTests;
			sourceTree = "<group>";
		};
		F4F2BEE62CDB4A10006C9893 /* LandmarksIkiUITests */ = {
			isa = PBXFileSystemSynchronizedRootGroup;
			path = LandmarksIkiUITests;
			sourceTree = "<group>";
		};
/* End PBXFileSystemSynchronizedRootGroup section */

/* Begin PBXFrameworksBuildPhase section */
		F4F2BEC62CDB4A0E006C9893 /* Frameworks */ = {
			isa = PBXFrameworksBuildPhase;
			buildActionMask = 2147483647;
			files = (
			);
			runOnlyForDeploymentPostprocessing = 0;
		};
		F4F2BED62CDB4A10006C9893 /* Frameworks */ = {
			isa = PBXFrameworksBuildPhase;
			buildActionMask = 2147483647;
			files = (
			);
			runOnlyForDeploymentPostprocessing = 0;
		};
		F4F2BEE02CDB4A10006C9893 /* Frameworks */ = {
			isa = PBXFrameworksBuildPhase;
			buildActionMask = 2147483647;
			files = (
			);
			runOnlyForDeploymentPostprocessing = 0;
		};
/* End PBXFrameworksBuildPhase section */

/* Begin PBXGroup section */
		F4F2BEC02CDB4A0D006C9893 = {
			isa = PBXGroup;
			children = (
				F4F2BECB2CDB4A0E006C9893 /* LandmarksIki */,
				F4F2BEDC2CDB4A10006C9893 /* LandmarksIkiTests */,
				F4F2BEE62CDB4A10006C9893 /* LandmarksIkiUITests */,
				F4F2BECA2CDB4A0E006C9893 /* Products */,
			);
			sourceTree = "<group>";
		};
		F4F2BECA2CDB4A0E006C9893 /* Products */ = {
			isa = PBXGroup;
			children = (
				F4F2BEC92CDB4A0E006C9893 /* LandmarksIki.app */,
				F4F2BED92CDB4A10006C9893 /* LandmarksIkiTests.xctest */,
				F4F2BEE32CDB4A10006C9893 /* LandmarksIkiUITests.xctest */,
			);
			name = Products;
			sourceTree = "<group>";
		};
/* End PBXGroup section */

/* Begin PBXNativeTarget section */
		F4F2BEC82CDB4A0E006C9893 /* LandmarksIki */ = {
			isa = PBXNativeTarget;
			buildConfigurationList = F4F2BEED2CDB4A10006C9893 /* Build configuration list for PBXNativeTarget "LandmarksIki" */;
			buildPhases = (
				F4F2BEC52CDB4A0E006C9893 /* Sources */,
				F4F2BEC62CDB4A0E006C9893 /* Frameworks */,
				F4F2BEC72CDB4A0E006C9893 /* Resources */,
			);
			buildRules = (
			);
			dependencies = (
			);
			fileSystemSynchronizedGroups = (
				F4F2BECB2CDB4A0E006C9893 /* LandmarksIki */,
			);
			name = LandmarksIki;
			packageProductDependencies = (
			);
			productName = LandmarksIki;
			productReference = F4F2BEC92CDB4A0E006C9893 /* LandmarksIki.app */;
			productType = "com.apple.product-type.application";
		};
		F4F2BED82CDB4A10006C9893 /* LandmarksIkiTests */ = {
			isa = PBXNativeTarget;
			buildConfigurationList = F4F2BEF02CDB4A10006C9893 /* Build configuration list for PBXNativeTarget "LandmarksIkiTests" */;
			buildPhases = (
				F4F2BED52CDB4A10006C9893 /* Sources */,
				F4F2BED62CDB4A10006C9893 /* Frameworks */,
				F4F2BED72CDB4A10006C9893 /* Resources */,
			);
			buildRules = (
			);
			dependencies = (
				F4F2BEDB2CDB4A10006C9893 /* PBXTargetDependency */,
			);
			fileSystemSynchronizedGroups = (
				F4F2BEDC2CDB4A10006C9893 /* LandmarksIkiTests */,
			);
			name = LandmarksIkiTests;
			packageProductDependencies = (
			);
			productName = LandmarksIkiTests;
			productReference = F4F2BED92CDB4A10006C9893 /* LandmarksIkiTests.xctest */;
			productType = "com.apple.product-type.bundle.unit-test";
		};
		F4F2BEE22CDB4A10006C9893 /* LandmarksIkiUITests */ = {
			isa = PBXNativeTarget;
			buildConfigurationList = F4F2BEF32CDB4A10006C9893 /* Build configuration list for PBXNativeTarget "LandmarksIkiUITests" */;
			buildPhases = (
				F4F2BEDF2CDB4A10006C9893 /* Sources */,
				F4F2BEE02CDB4A10006C9893 /* Frameworks */,
				F4F2BEE12CDB4A10006C9893 /* Resources */,
			);
			buildRules = (
			);
			dependencies = (
				F4F2BEE52CDB4A10006C9893 /* PBXTargetDependency */,
			);
			fileSystemSynchronizedGroups = (
				F4F2BEE62CDB4A10006C9893 /* LandmarksIkiUITests */,
			);
			name = LandmarksIkiUITests;
			packageProductDependencies = (
			);
			productName = LandmarksIkiUITests;
			productReference = F4F2BEE32CDB4A10006C9893 /* LandmarksIkiUITests.xctest */;
			productType = "com.apple.product-type.bundle.ui-testing";
		};
/* End PBXNativeTarget section */

/* Begin PBXProject section */
		F4F2BEC12CDB4A0D006C9893 /* Project object */ = {
			isa = PBXProject;
			attributes = {
				BuildIndependentTargetsInParallel = 1;
				LastSwiftUpdateCheck = 1610;
				LastUpgradeCheck = 1610;
				TargetAttributes = {
					F4F2BEC82CDB4A0E006C9893 = {
						CreatedOnToolsVersion = 16.1;
					};
					F4F2BED82CDB4A10006C9893 = {
						CreatedOnToolsVersion = 16.1;
						TestTargetID = F4F2BEC82CDB4A0E006C9893;
					};
					F4F2BEE22CDB4A10006C9893 = {
						CreatedOnToolsVersion = 16.1;
						TestTargetID = F4F2BEC82CDB4A0E006C9893;
					};
				};
			};
			buildConfigurationList = F4F2BEC42CDB4A0E006C9893 /* Build configuration list for PBXProject "LandmarksIki" */;
			developmentRegion = en;
			hasScannedForEncodings = 0;
			knownRegions = (
				en,
				Base,
			);
			mainGroup = F4F2BEC02CDB4A0D006C9893;
			minimizedProjectReferenceProxies = 1;
			preferredProjectObjectVersion = 77;
			productRefGroup = F4F2BECA2CDB4A0E006C9893 /* Products */;
			projectDirPath = "";
			projectRoot = "";
			targets = (
				F4F2BEC82CDB4A0E006C9893 /* LandmarksIki */,
				F4F2BED82CDB4A10006C9893 /* LandmarksIkiTests */,
				F4F2BEE22CDB4A10006C9893 /* LandmarksIkiUITests */,
			);
		};
/* End PBXProject section */

/* Begin PBXResourcesBuildPhase section */
		F4F2BEC72CDB4A0E006C9893 /* Resources */ = {
			isa = PBXResourcesBuildPhase;
			buildActionMask = 2147483647;
			files = (
			);
			runOnlyForDeploymentPostprocessing = 0;
		};
		F4F2BED72CDB4A10006C9893 /* Resources */ = {
			isa = PBXResourcesBuildPhase;
			buildActionMask = 2147483647;
			files = (
			);
			runOnlyForDeploymentPostprocessing = 0;
		};
		F4F2BEE12CDB4A10006C9893 /* Resources */ = {
			isa = PBXResourcesBuildPhase;
			buildActionMask = 2147483647;
			files = (
			);
			runOnlyForDeploymentPostprocessing = 0;
		};
/* End PBXResourcesBuildPhase section */

/* Begin PBXSourcesBuildPhase section */
		F4F2BEC52CDB4A0E006C9893 /* Sources */ = {
			isa = PBXSourcesBuildPhase;
			buildActionMask = 2147483647;
			files = (
			);
			runOnlyForDeploymentPostprocessing = 0;
		};
		F4F2BED52CDB4A10006C9893 /* Sources */ = {
			isa = PBXSourcesBuildPhase;
			buildActionMask = 2147483647;
			files = (
			);
			runOnlyForDeploymentPostprocessing = 0;
		};
		F4F2BEDF2CDB4A10006C9893 /* Sources */ = {
			isa = PBXSourcesBuildPhase;
			buildActionMask = 2147483647;
			files = (
			);
			runOnlyForDeploymentPostprocessing = 0;
		};
/* End PBXSourcesBuildPhase section */

/* Begin PBXTargetDependency section */
		F4F2BEDB2CDB4A10006C9893 /* PBXTargetDependency */ = {
			isa = PBXTargetDependency;
			target = F4F2BEC82CDB4A0E006C9893 /* LandmarksIki */;
			targetProxy = F4F2BEDA2CDB4A10006C9893 /* PBXContainerItemProxy */;
		};
		F4F2BEE52CDB4A10006C9893 /* PBXTargetDependency */ = {
			isa = PBXTargetDependency;
			target = F4F2BEC82CDB4A0E006C9893 /* LandmarksIki */;
			targetProxy = F4F2BEE42CDB4A10006C9893 /* PBXContainerItemProxy */;
		};
/* End PBXTargetDependency section */

/* Begin XCBuildConfiguration section */
		F4F2BEEB2CDB4A10006C9893 /* Debug */ = {
			isa = XCBuildConfiguration;
			buildSettings = {
				ALWAYS_SEARCH_USER_PATHS = NO;
				ASSETCATALOG_COMPILER_GENERATE_SWIFT_ASSET_SYMBOL_EXTENSIONS = YES;
				CLANG_ANALYZER_NONNULL = YES;
				CLANG_ANALYZER_NUMBER_OBJECT_CONVERSION = YES_AGGRESSIVE;
				CLANG_CXX_LANGUAGE_STANDARD = "gnu++20";
				CLANG_ENABLE_MODULES = YES;
				CLANG_ENABLE_OBJC_ARC = YES;
				CLANG_ENABLE_OBJC_WEAK = YES;
				CLANG_WARN_BLOCK_CAPTURE_AUTORELEASING = YES;
				CLANG_WARN_BOOL_CONVERSION = YES;
				CLANG_WARN_COMMA = YES;
				CLANG_WARN_CONSTANT_CONVERSION = YES;
				CLANG_WARN_DEPRECATED_OBJC_IMPLEMENTATIONS = YES;
				CLANG_WARN_DIRECT_OBJC_ISA_USAGE = YES_ERROR;
				CLANG_WARN_DOCUMENTATION_COMMENTS = YES;
				CLANG_WARN_EMPTY_BODY = YES;
				CLANG_WARN_ENUM_CONVERSION = YES;
				CLANG_WARN_INFINITE_RECURSION = YES;
				CLANG_WARN_INT_CONVERSION = YES;
				CLANG_WARN_NON_LITERAL_NULL_CONVERSION = YES;
				CLANG_WARN_OBJC_IMPLICIT_RETAIN_SELF = YES;
				CLANG_WARN_OBJC_LITERAL_CONVERSION = YES;
				CLANG_WARN_OBJC_ROOT_CLASS = YES_ERROR;
				CLANG_WARN_QUOTED_INCLUDE_IN_FRAMEWORK_HEADER = YES;
				CLANG_WARN_RANGE_LOOP_ANALYSIS = YES;
				CLANG_WARN_STRICT_PROTOTYPES = YES;
				CLANG_WARN_SUSPICIOUS_MOVE = YES;
				CLANG_WARN_UNGUARDED_AVAILABILITY = YES_AGGRESSIVE;
				CLANG_WARN_UNREACHABLE_CODE = YES;
				CLANG_WARN__DUPLICATE_METHOD_MATCH = YES;
				COPY_PHASE_STRIP = NO;
				DEBUG_INFORMATION_FORMAT = dwarf;
				ENABLE_STRICT_OBJC_MSGSEND = YES;
				ENABLE_TESTABILITY = YES;
				ENABLE_USER_SCRIPT_SANDBOXING = YES;
				GCC_C_LANGUAGE_STANDARD = gnu17;
				GCC_DYNAMIC_NO_PIC = NO;
				GCC_NO_COMMON_BLOCKS = YES;
				GCC_OPTIMIZATION_LEVEL = 0;
				GCC_PREPROCESSOR_DEFINITIONS = (
					"DEBUG=1",
					"$(inherited)",
				);
				GCC_WARN_64_TO_32_BIT_CONVERSION = YES;
				GCC_WARN_ABOUT_RETURN_TYPE = YES_ERROR;
				GCC_WARN_UNDECLARED_SELECTOR = YES;
				GCC_WARN_UNINITIALIZED_AUTOS = YES_AGGRESSIVE;
				GCC_WARN_UNUSED_FUNCTION = YES;
				GCC_WARN_UNUSED_VARIABLE = YES;
				IPHONEOS_DEPLOYMENT_TARGET = 18.1;
				LOCALIZATION_PREFERS_STRING_CATALOGS = YES;
				MTL_ENABLE_DEBUG_INFO = INCLUDE_SOURCE;
				MTL_FAST_MATH = YES;
				ONLY_ACTIVE_ARCH = YES;
				SDKROOT = iphoneos;
				SWIFT_ACTIVE_COMPILATION_CONDITIONS = "DEBUG $(inherited)";
				SWIFT_OPTIMIZATION_LEVEL = "-Onone";
			};
			name = Debug;
		};
		F4F2BEEC2CDB4A10006C9893 /* Release */ = {
			isa = XCBuildConfiguration;
			buildSettings = {
				ALWAYS_SEARCH_USER_PATHS = NO;
				ASSETCATALOG_COMPILER_GENERATE_SWIFT_ASSET_SYMBOL_EXTENSIONS = YES;
				CLANG_ANALYZER_NONNULL = YES;
				CLANG_ANALYZER_NUMBER_OBJECT_CONVERSION = YES_AGGRESSIVE;
				CLANG_CXX_LANGUAGE_STANDARD = "gnu++20";
				CLANG_ENABLE_MODULES = YES;
				CLANG_ENABLE_OBJC_ARC = YES;
				CLANG_ENABLE_OBJC_WEAK = YES;
				CLANG_WARN_BLOCK_CAPTURE_AUTORELEASING = YES;
				CLANG_WARN_BOOL_CONVERSION = YES;
				CLANG_WARN_COMMA = YES;
				CLANG_WARN_CONSTANT_CONVERSION = YES;
				CLANG_WARN_DEPRECATED_OBJC_IMPLEMENTATIONS = YES;
				CLANG_WARN_DIRECT_OBJC_ISA_USAGE = YES_ERROR;
				CLANG_WARN_DOCUMENTATION_COMMENTS = YES;
				CLANG_WARN_EMPTY_BODY = YES;
				CLANG_WARN_ENUM_CONVERSION = YES;
				CLANG_WARN_INFINITE_RECURSION = YES;
				CLANG_WARN_INT_CONVERSION = YES;
				CLANG_WARN_NON_LITERAL_NULL_CONVERSION = YES;
				CLANG_WARN_OBJC_IMPLICIT_RETAIN_SELF = YES;
				CLANG_WARN_OBJC_LITERAL_CONVERSION = YES;
				CLANG_WARN_OBJC_ROOT_CLASS = YES_ERROR;
				CLANG_WARN_QUOTED_INCLUDE_IN_FRAMEWORK_HEADER = YES;
				CLANG_WARN_RANGE_LOOP_ANALYSIS = YES;
				CLANG_WARN_STRICT_PROTOTYPES = YES;
				CLANG_WARN_SUSPICIOUS_MOVE = YES;
				CLANG_WARN_UNGUARDED_AVAILABILITY = YES_AGGRESSIVE;
				CLANG_WARN_UNREACHABLE_CODE = YES;
				CLANG_WARN__DUPLICATE_METHOD_MATCH = YES;
				COPY_PHASE_STRIP = NO;
				DEBUG_INFORMATION_FORMAT = "dwarf-with-dsym";
				ENABLE_NS_ASSERTIONS = NO;
				ENABLE_STRICT_OBJC_MSGSEND = YES;
				ENABLE_USER_SCRIPT_SANDBOXING = YES;
				GCC_C_LANGUAGE_STANDARD = gnu17;
				GCC_NO_COMMON_BLOCKS = YES;
				GCC_WARN_64_TO_32_BIT_CONVERSION = YES;
				GCC_WARN_ABOUT_RETURN_TYPE = YES_ERROR;
				GCC_WARN_UNDECLARED_SELECTOR = YES;
				GCC_WARN_UNINITIALIZED_AUTOS = YES_AGGRESSIVE;
				GCC_WARN_UNUSED_FUNCTION = YES;
				GCC_WARN_UNUSED_VARIABLE = YES;
				IPHONEOS_DEPLOYMENT_TARGET = 18.1;
				LOCALIZATION_PREFERS_STRING_CATALOGS = YES;
				MTL_ENABLE_DEBUG_INFO = NO;
				MTL_FAST_MATH = YES;
				SDKROOT = iphoneos;
				SWIFT_COMPILATION_MODE = wholemodule;
				VALIDATE_PRODUCT = YES;
			};
			name = Release;
		};
		F4F2BEEE2CDB4A10006C9893 /* Debug */ = {
			isa = XCBuildConfiguration;
			buildSettings = {
				ASSETCATALOG_COMPILER_APPICON_NAME = AppIcon;
				ASSETCATALOG_COMPILER_GLOBAL_ACCENT_COLOR_NAME = AccentColor;
				CODE_SIGN_STYLE = Automatic;
				CURRENT_PROJECT_VERSION = 1;
				DEVELOPMENT_ASSET_PATHS = "\"LandmarksIki/Preview Content\"";
				ENABLE_PREVIEWS = YES;
				GENERATE_INFOPLIST_FILE = YES;
				INFOPLIST_KEY_UIApplicationSceneManifest_Generation = YES;
				INFOPLIST_KEY_UIApplicationSupportsIndirectInputEvents = YES;
				INFOPLIST_KEY_UILaunchScreen_Generation = YES;
				INFOPLIST_KEY_UISupportedInterfaceOrientations_iPad = "UIInterfaceOrientationPortrait UIInterfaceOrientationPortraitUpsideDown UIInterfaceOrientationLandscapeLeft UIInterfaceOrientationLandscapeRight";
				INFOPLIST_KEY_UISupportedInterfaceOrientations_iPhone = "UIInterfaceOrientationPortrait UIInterfaceOrientationLandscapeLeft UIInterfaceOrientationLandscapeRight";
				LD_RUNPATH_SEARCH_PATHS = (
					"$(inherited)",
					"@executable_path/Frameworks",
				);
				MARKETING_VERSION = 1.0;
				PRODUCT_BUNDLE_IDENTIFIER = com.haticekar.LandmarksIki;
				PRODUCT_NAME = "$(TARGET_NAME)";
				SWIFT_EMIT_LOC_STRINGS = YES;
				SWIFT_VERSION = 5.0;
				TARGETED_DEVICE_FAMILY = "1,2";
			};
			name = Debug;
		};
		F4F2BEEF2CDB4A10006C9893 /* Release */ = {
			isa = XCBuildConfiguration;
			buildSettings = {
				ASSETCATALOG_COMPILER_APPICON_NAME = AppIcon;
				ASSETCATALOG_COMPILER_GLOBAL_ACCENT_COLOR_NAME = AccentColor;
				CODE_SIGN_STYLE = Automatic;
				CURRENT_PROJECT_VERSION = 1;
				DEVELOPMENT_ASSET_PATHS = "\"LandmarksIki/Preview Content\"";
				ENABLE_PREVIEWS = YES;
				GENERATE_INFOPLIST_FILE = YES;
				INFOPLIST_KEY_UIApplicationSceneManifest_Generation = YES;
				INFOPLIST_KEY_UIApplicationSupportsIndirectInputEvents = YES;
				INFOPLIST_KEY_UILaunchScreen_Generation = YES;
				INFOPLIST_KEY_UISupportedInterfaceOrientations_iPad = "UIInterfaceOrientationPortrait UIInterfaceOrientationPortraitUpsideDown UIInterfaceOrientationLandscapeLeft UIInterfaceOrientationLandscapeRight";
				INFOPLIST_KEY_UISupportedInterfaceOrientations_iPhone = "UIInterfaceOrientationPortrait UIInterfaceOrientationLandscapeLeft UIInterfaceOrientationLandscapeRight";
				LD_RUNPATH_SEARCH_PATHS = (
					"$(inherited)",
					"@executable_path/Frameworks",
				);
				MARKETING_VERSION = 1.0;
				PRODUCT_BUNDLE_IDENTIFIER = com.haticekar.LandmarksIki;
				PRODUCT_NAME = "$(TARGET_NAME)";
				SWIFT_EMIT_LOC_STRINGS = YES;
				SWIFT_VERSION = 5.0;
				TARGETED_DEVICE_FAMILY = "1,2";
			};
			name = Release;
		};
		F4F2BEF12CDB4A10006C9893 /* Debug */ = {
			isa = XCBuildConfiguration;
			buildSettings = {
				BUNDLE_LOADER = "$(TEST_HOST)";
				CODE_SIGN_STYLE = Automatic;
				CURRENT_PROJECT_VERSION = 1;
				GENERATE_INFOPLIST_FILE = YES;
				IPHONEOS_DEPLOYMENT_TARGET = 18.1;
				MARKETING_VERSION = 1.0;
				PRODUCT_BUNDLE_IDENTIFIER = com.haticekar.LandmarksIkiTests;
				PRODUCT_NAME = "$(TARGET_NAME)";
				SWIFT_EMIT_LOC_STRINGS = NO;
				SWIFT_VERSION = 5.0;
				TARGETED_DEVICE_FAMILY = "1,2";
				TEST_HOST = "$(BUILT_PRODUCTS_DIR)/LandmarksIki.app/$(BUNDLE_EXECUTABLE_FOLDER_PATH)/LandmarksIki";
			};
			name = Debug;
		};
		F4F2BEF22CDB4A10006C9893 /* Release */ = {
			isa = XCBuildConfiguration;
			buildSettings = {
				BUNDLE_LOADER = "$(TEST_HOST)";
				CODE_SIGN_STYLE = Automatic;
				CURRENT_PROJECT_VERSION = 1;
				GENERATE_INFOPLIST_FILE = YES;
				IPHONEOS_DEPLOYMENT_TARGET = 18.1;
				MARKETING_VERSION = 1.0;
				PRODUCT_BUNDLE_IDENTIFIER = com.haticekar.LandmarksIkiTests;
				PRODUCT_NAME = "$(TARGET_NAME)";
				SWIFT_EMIT_LOC_STRINGS = NO;
				SWIFT_VERSION = 5.0;
				TARGETED_DEVICE_FAMILY = "1,2";
				TEST_HOST = "$(BUILT_PRODUCTS_DIR)/LandmarksIki.app/$(BUNDLE_EXECUTABLE_FOLDER_PATH)/LandmarksIki";
			};
			name = Release;
		};
		F4F2BEF42CDB4A10006C9893 /* Debug */ = {
			isa = XCBuildConfiguration;
			buildSettings = {
				CODE_SIGN_STYLE = Automatic;
				CURRENT_PROJECT_VERSION = 1;
				GENERATE_INFOPLIST_FILE = YES;
				MARKETING_VERSION = 1.0;
				PRODUCT_BUNDLE_IDENTIFIER = com.haticekar.LandmarksIkiUITests;
				PRODUCT_NAME = "$(TARGET_NAME)";
				SWIFT_EMIT_LOC_STRINGS = NO;
				SWIFT_VERSION = 5.0;
				TARGETED_DEVICE_FAMILY = "1,2";
				TEST_TARGET_NAME = LandmarksIki;
			};
			name = Debug;
		};
		F4F2BEF52CDB4A10006C9893 /* Release */ = {
			isa = XCBuildConfiguration;
			buildSettings = {
				CODE_SIGN_STYLE = Automatic;
				CURRENT_PROJECT_VERSION = 1;
				GENERATE_INFOPLIST_FILE = YES;
				MARKETING_VERSION = 1.0;
				PRODUCT_BUNDLE_IDENTIFIER = com.haticekar.LandmarksIkiUITests;
				PRODUCT_NAME = "$(TARGET_NAME)";
				SWIFT_EMIT_LOC_STRINGS = NO;
				SWIFT_VERSION = 5.0;
				TARGETED_DEVICE_FAMILY = "1,2";
				TEST_TARGET_NAME = LandmarksIki;
			};
			name = Release;
		};
/* End XCBuildConfiguration section */

/* Begin XCConfigurationList section */
		F4F2BEC42CDB4A0E006C9893 /* Build configuration list for PBXProject "LandmarksIki" */ = {
			isa = XCConfigurationList;
			buildConfigurations = (
				F4F2BEEB2CDB4A10006C9893 /* Debug */,
				F4F2BEEC2CDB4A10006C9893 /* Release */,
			);
			defaultConfigurationIsVisible = 0;
			defaultConfigurationName = Release;
		};
		F4F2BEED2CDB4A10006C9893 /* Build configuration list for PBXNativeTarget "LandmarksIki" */ = {
			isa = XCConfigurationList;
			buildConfigurations = (
				F4F2BEEE2CDB4A10006C9893 /* Debug */,
				F4F2BEEF2CDB4A10006C9893 /* Release */,
			);
			defaultConfigurationIsVisible = 0;
			defaultConfigurationName = Release;
		};
		F4F2BEF02CDB4A10006C9893 /* Build configuration list for PBXNativeTarget "LandmarksIkiTests" */ = {
			isa = XCConfigurationList;
			buildConfigurations = (
				F4F2BEF12CDB4A10006C9893 /* Debug */,
				F4F2BEF22CDB4A10006C9893 /* Release */,
			);
			defaultConfigurationIsVisible = 0;
			defaultConfigurationName = Release;
		};
		F4F2BEF32CDB4A10006C9893 /* Build configuration list for PBXNativeTarget "LandmarksIkiUITests" */ = {
			isa = XCConfigurationList;
			buildConfigurations = (
				F4F2BEF42CDB4A10006C9893 /* Debug */,
				F4F2BEF52CDB4A10006C9893 /* Release */,
			);
			defaultConfigurationIsVisible = 0;
			defaultConfigurationName = Release;
		};
/* End XCConfigurationList section */
	};
	rootObject = F4F2BEC12CDB4A0D006C9893 /* Project object */;
}
